// !$*UTF8*$!
{
	archiveVersion = 1;
	classes = {
	};
	objectVersion = 77;
	objects = {

/* Begin PBXBuildFile section */
		E7DA198B2CBB5D1500431B9D /* .gitignore in Resources */ = {isa = PBXBuildFile; fileRef = E7DA198A2CBB5D1000431B9D /* .gitignore */; };
/* End PBXBuildFile section */

/* Begin PBXContainerItemProxy section */
		E7A1C1622CBB23AD0064420D /* PBXContainerItemProxy */ = {
			isa = PBXContainerItemProxy;
			containerPortal = E7A1C1492CBB23AC0064420D /* Project object */;
			proxyType = 1;
			remoteGlobalIDString = E7A1C1502CBB23AC0064420D;
			remoteInfo = "GitHub Reader";
		};
		E7A1C16C2CBB23AD0064420D /* PBXContainerItemProxy */ = {
			isa = PBXContainerItemProxy;
			containerPortal = E7A1C1492CBB23AC0064420D /* Project object */;
			proxyType = 1;
			remoteGlobalIDString = E7A1C1502CBB23AC0064420D;
			remoteInfo = "GitHub Reader";
		};
/* End PBXContainerItemProxy section */

/* Begin PBXFileReference section */
		E7A1C1512CBB23AC0064420D /* GitHub Reader.app */ = {isa = PBXFileReference; explicitFileType = wrapper.application; includeInIndex = 0; path = "GitHub Reader.app"; sourceTree = BUILT_PRODUCTS_DIR; };
		E7A1C1612CBB23AD0064420D /* GitHub ReaderTests.xctest */ = {isa = PBXFileReference; explicitFileType = wrapper.cfbundle; includeInIndex = 0; path = "GitHub ReaderTests.xctest"; sourceTree = BUILT_PRODUCTS_DIR; };
		E7A1C16B2CBB23AD0064420D /* GitHub ReaderUITests.xctest */ = {isa = PBXFileReference; explicitFileType = wrapper.cfbundle; includeInIndex = 0; path = "GitHub ReaderUITests.xctest"; sourceTree = BUILT_PRODUCTS_DIR; };
		E7DA198A2CBB5D1000431B9D /* .gitignore */ = {isa = PBXFileReference; lastKnownFileType = text; path = .gitignore; sourceTree = "<group>"; };
/* End PBXFileReference section */

/* Begin PBXFileSystemSynchronizedRootGroup section */
		E7A1C1532CBB23AC0064420D /* GitHub Reader */ = {
			isa = PBXFileSystemSynchronizedRootGroup;
			path = "GitHub Reader";
			sourceTree = "<group>";
		};
		E7A1C1642CBB23AD0064420D /* GitHub ReaderTests */ = {
			isa = PBXFileSystemSynchronizedRootGroup;
			path = "GitHub ReaderTests";
			sourceTree = "<group>";
		};
		E7A1C16E2CBB23AD0064420D /* GitHub ReaderUITests */ = {
			isa = PBXFileSystemSynchronizedRootGroup;
			path = "GitHub ReaderUITests";
			sourceTree = "<group>";
		};
/* End PBXFileSystemSynchronizedRootGroup section */

/* Begin PBXFrameworksBuildPhase section */
		E7A1C14E2CBB23AC0064420D /* Frameworks */ = {
			isa = PBXFrameworksBuildPhase;
			buildActionMask = 2147483647;
			files = (
			);
			runOnlyForDeploymentPostprocessing = 0;
		};
		E7A1C15E2CBB23AD0064420D /* Frameworks */ = {
			isa = PBXFrameworksBuildPhase;
			buildActionMask = 2147483647;
			files = (
			);
			runOnlyForDeploymentPostprocessing = 0;
		};
		E7A1C1682CBB23AD0064420D /* Frameworks */ = {
			isa = PBXFrameworksBuildPhase;
			buildActionMask = 2147483647;
			files = (
			);
			runOnlyForDeploymentPostprocessing = 0;
		};
/* End PBXFrameworksBuildPhase section */

/* Begin PBXGroup section */
		E7A1C1482CBB23AC0064420D = {
			isa = PBXGroup;
			children = (
				E7DA198A2CBB5D1000431B9D /* .gitignore */,
				E7A1C1532CBB23AC0064420D /* GitHub Reader */,
				E7A1C1642CBB23AD0064420D /* GitHub ReaderTests */,
				E7A1C16E2CBB23AD0064420D /* GitHub ReaderUITests */,
				E7A1C1522CBB23AC0064420D /* Products */,
			);
			sourceTree = "<group>";
		};
		E7A1C1522CBB23AC0064420D /* Products */ = {
			isa = PBXGroup;
			children = (
				E7A1C1512CBB23AC0064420D /* GitHub Reader.app */,
				E7A1C1612CBB23AD0064420D /* GitHub ReaderTests.xctest */,
				E7A1C16B2CBB23AD0064420D /* GitHub ReaderUITests.xctest */,
			);
			name = Products;
			sourceTree = "<group>";
		};
/* End PBXGroup section */

/* Begin PBXNativeTarget section */
		E7A1C1502CBB23AC0064420D /* GitHub Reader */ = {
			isa = PBXNativeTarget;
			buildConfigurationList = E7A1C1752CBB23AD0064420D /* Build configuration list for PBXNativeTarget "GitHub Reader" */;
			buildPhases = (
				E7A1C14D2CBB23AC0064420D /* Sources */,
				E7A1C14E2CBB23AC0064420D /* Frameworks */,
				E7A1C14F2CBB23AC0064420D /* Resources */,
			);
			buildRules = (
			);
			dependencies = (
			);
			fileSystemSynchronizedGroups = (
				E7A1C1532CBB23AC0064420D /* GitHub Reader */,
			);
			name = "GitHub Reader";
			packageProductDependencies = (
			);
			productName = "GitHub Reader";
			productReference = E7A1C1512CBB23AC0064420D /* GitHub Reader.app */;
			productType = "com.apple.product-type.application";
		};
		E7A1C1602CBB23AD0064420D /* GitHub ReaderTests */ = {
			isa = PBXNativeTarget;
			buildConfigurationList = E7A1C1782CBB23AD0064420D /* Build configuration list for PBXNativeTarget "GitHub ReaderTests" */;
			buildPhases = (
				E7A1C15D2CBB23AD0064420D /* Sources */,
				E7A1C15E2CBB23AD0064420D /* Frameworks */,
				E7A1C15F2CBB23AD0064420D /* Resources */,
			);
			buildRules = (
			);
			dependencies = (
				E7A1C1632CBB23AD0064420D /* PBXTargetDependency */,
			);
			fileSystemSynchronizedGroups = (
				E7A1C1642CBB23AD0064420D /* GitHub ReaderTests */,
			);
			name = "GitHub ReaderTests";
			packageProductDependencies = (
			);
			productName = "GitHub ReaderTests";
			productReference = E7A1C1612CBB23AD0064420D /* GitHub ReaderTests.xctest */;
			productType = "com.apple.product-type.bundle.unit-test";
		};
		E7A1C16A2CBB23AD0064420D /* GitHub ReaderUITests */ = {
			isa = PBXNativeTarget;
			buildConfigurationList = E7A1C17B2CBB23AD0064420D /* Build configuration list for PBXNativeTarget "GitHub ReaderUITests" */;
			buildPhases = (
				E7A1C1672CBB23AD0064420D /* Sources */,
				E7A1C1682CBB23AD0064420D /* Frameworks */,
				E7A1C1692CBB23AD0064420D /* Resources */,
			);
			buildRules = (
			);
			dependencies = (
				E7A1C16D2CBB23AD0064420D /* PBXTargetDependency */,
			);
			fileSystemSynchronizedGroups = (
				E7A1C16E2CBB23AD0064420D /* GitHub ReaderUITests */,
			);
			name = "GitHub ReaderUITests";
			packageProductDependencies = (
			);
			productName = "GitHub ReaderUITests";
			productReference = E7A1C16B2CBB23AD0064420D /* GitHub ReaderUITests.xctest */;
			productType = "com.apple.product-type.bundle.ui-testing";
		};
/* End PBXNativeTarget section */

/* Begin PBXProject section */
		E7A1C1492CBB23AC0064420D /* Project object */ = {
			isa = PBXProject;
			attributes = {
				BuildIndependentTargetsInParallel = 1;
				LastSwiftUpdateCheck = 1600;
				LastUpgradeCheck = 1600;
				TargetAttributes = {
					E7A1C1502CBB23AC0064420D = {
						CreatedOnToolsVersion = 16.0;
					};
					E7A1C1602CBB23AD0064420D = {
						CreatedOnToolsVersion = 16.0;
						TestTargetID = E7A1C1502CBB23AC0064420D;
					};
					E7A1C16A2CBB23AD0064420D = {
						CreatedOnToolsVersion = 16.0;
						TestTargetID = E7A1C1502CBB23AC0064420D;
					};
				};
			};
			buildConfigurationList = E7A1C14C2CBB23AC0064420D /* Build configuration list for PBXProject "GitHub Reader" */;
			developmentRegion = en;
			hasScannedForEncodings = 0;
			knownRegions = (
				en,
				Base,
				"en-GB",
			);
			mainGroup = E7A1C1482CBB23AC0064420D;
			minimizedProjectReferenceProxies = 1;
			packageReferences = (
			);
			preferredProjectObjectVersion = 77;
			productRefGroup = E7A1C1522CBB23AC0064420D /* Products */;
			projectDirPath = "";
			projectRoot = "";
			targets = (
				E7A1C1502CBB23AC0064420D /* GitHub Reader */,
				E7A1C1602CBB23AD0064420D /* GitHub ReaderTests */,
				E7A1C16A2CBB23AD0064420D /* GitHub ReaderUITests */,
			);
		};
/* End PBXProject section */

/* Begin PBXResourcesBuildPhase section */
		E7A1C14F2CBB23AC0064420D /* Resources */ = {
			isa = PBXResourcesBuildPhase;
			buildActionMask = 2147483647;
			files = (
				E7DA198B2CBB5D1500431B9D /* .gitignore in Resources */,
			);
			runOnlyForDeploymentPostprocessing = 0;
		};
		E7A1C15F2CBB23AD0064420D /* Resources */ = {
			isa = PBXResourcesBuildPhase;
			buildActionMask = 2147483647;
			files = (
			);
			runOnlyForDeploymentPostprocessing = 0;
		};
		E7A1C1692CBB23AD0064420D /* Resources */ = {
			isa = PBXResourcesBuildPhase;
			buildActionMask = 2147483647;
			files = (
			);
			runOnlyForDeploymentPostprocessing = 0;
		};
/* End PBXResourcesBuildPhase section */

/* Begin PBXSourcesBuildPhase section */
		E7A1C14D2CBB23AC0064420D /* Sources */ = {
			isa = PBXSourcesBuildPhase;
			buildActionMask = 2147483647;
			files = (
			);
			runOnlyForDeploymentPostprocessing = 0;
		};
		E7A1C15D2CBB23AD0064420D /* Sources */ = {
			isa = PBXSourcesBuildPhase;
			buildActionMask = 2147483647;
			files = (
			);
			runOnlyForDeploymentPostprocessing = 0;
		};
		E7A1C1672CBB23AD0064420D /* Sources */ = {
			isa = PBXSourcesBuildPhase;
			buildActionMask = 2147483647;
			files = (
			);
			runOnlyForDeploymentPostprocessing = 0;
		};
/* End PBXSourcesBuildPhase section */

/* Begin PBXTargetDependency section */
		E7A1C1632CBB23AD0064420D /* PBXTargetDependency */ = {
			isa = PBXTargetDependency;
			target = E7A1C1502CBB23AC0064420D /* GitHub Reader */;
			targetProxy = E7A1C1622CBB23AD0064420D /* PBXContainerItemProxy */;
		};
		E7A1C16D2CBB23AD0064420D /* PBXTargetDependency */ = {
			isa = PBXTargetDependency;
			target = E7A1C1502CBB23AC0064420D /* GitHub Reader */;
			targetProxy = E7A1C16C2CBB23AD0064420D /* PBXContainerItemProxy */;
		};
/* End PBXTargetDependency section */

/* Begin XCBuildConfiguration section */
		E7A1C1732CBB23AD0064420D /* Debug */ = {
			isa = XCBuildConfiguration;
			buildSettings = {
				ALWAYS_SEARCH_USER_PATHS = NO;
				ASSETCATALOG_COMPILER_GENERATE_SWIFT_ASSET_SYMBOL_EXTENSIONS = YES;
				CLANG_ANALYZER_NONNULL = YES;
				CLANG_ANALYZER_NUMBER_OBJECT_CONVERSION = YES_AGGRESSIVE;
				CLANG_CXX_LANGUAGE_STANDARD = "gnu++20";
				CLANG_ENABLE_MODULES = YES;
				CLANG_ENABLE_OBJC_ARC = YES;
				CLANG_ENABLE_OBJC_WEAK = YES;
				CLANG_WARN_BLOCK_CAPTURE_AUTORELEASING = YES;
				CLANG_WARN_BOOL_CONVERSION = YES;
				CLANG_WARN_COMMA = YES;
				CLANG_WARN_CONSTANT_CONVERSION = YES;
				CLANG_WARN_DEPRECATED_OBJC_IMPLEMENTATIONS = YES;
				CLANG_WARN_DIRECT_OBJC_ISA_USAGE = YES_ERROR;
				CLANG_WARN_DOCUMENTATION_COMMENTS = YES;
				CLANG_WARN_EMPTY_BODY = YES;
				CLANG_WARN_ENUM_CONVERSION = YES;
				CLANG_WARN_INFINITE_RECURSION = YES;
				CLANG_WARN_INT_CONVERSION = YES;
				CLANG_WARN_NON_LITERAL_NULL_CONVERSION = YES;
				CLANG_WARN_OBJC_IMPLICIT_RETAIN_SELF = YES;
				CLANG_WARN_OBJC_LITERAL_CONVERSION = YES;
				CLANG_WARN_OBJC_ROOT_CLASS = YES_ERROR;
				CLANG_WARN_QUOTED_INCLUDE_IN_FRAMEWORK_HEADER = YES;
				CLANG_WARN_RANGE_LOOP_ANALYSIS = YES;
				CLANG_WARN_STRICT_PROTOTYPES = YES;
				CLANG_WARN_SUSPICIOUS_MOVE = YES;
				CLANG_WARN_UNGUARDED_AVAILABILITY = YES_AGGRESSIVE;
				CLANG_WARN_UNREACHABLE_CODE = YES;
				CLANG_WARN__DUPLICATE_METHOD_MATCH = YES;
				COPY_PHASE_STRIP = NO;
				DEBUG_INFORMATION_FORMAT = dwarf;
				ENABLE_STRICT_OBJC_MSGSEND = YES;
				ENABLE_TESTABILITY = YES;
				ENABLE_USER_SCRIPT_SANDBOXING = YES;
				GCC_C_LANGUAGE_STANDARD = gnu17;
				GCC_DYNAMIC_NO_PIC = NO;
				GCC_NO_COMMON_BLOCKS = YES;
				GCC_OPTIMIZATION_LEVEL = 0;
				GCC_PREPROCESSOR_DEFINITIONS = (
					"DEBUG=1",
					"$(inherited)",
				);
				GCC_WARN_64_TO_32_BIT_CONVERSION = YES;
				GCC_WARN_ABOUT_RETURN_TYPE = YES_ERROR;
				GCC_WARN_UNDECLARED_SELECTOR = YES;
				GCC_WARN_UNINITIALIZED_AUTOS = YES_AGGRESSIVE;
				GCC_WARN_UNUSED_FUNCTION = YES;
				GCC_WARN_UNUSED_VARIABLE = YES;
				IPHONEOS_DEPLOYMENT_TARGET = 18.0;
				LOCALIZATION_PREFERS_STRING_CATALOGS = YES;
				MTL_ENABLE_DEBUG_INFO = INCLUDE_SOURCE;
				MTL_FAST_MATH = YES;
				ONLY_ACTIVE_ARCH = YES;
				SDKROOT = iphoneos;
				SWIFT_ACTIVE_COMPILATION_CONDITIONS = "DEBUG $(inherited)";
				SWIFT_EMIT_LOC_STRINGS = YES;
				SWIFT_OPTIMIZATION_LEVEL = "-Onone";
			};
			name = Debug;
		};
		E7A1C1742CBB23AD0064420D /* Release */ = {
			isa = XCBuildConfiguration;
			buildSettings = {
				ALWAYS_SEARCH_USER_PATHS = NO;
				ASSETCATALOG_COMPILER_GENERATE_SWIFT_ASSET_SYMBOL_EXTENSIONS = YES;
				CLANG_ANALYZER_NONNULL = YES;
				CLANG_ANALYZER_NUMBER_OBJECT_CONVERSION = YES_AGGRESSIVE;
				CLANG_CXX_LANGUAGE_STANDARD = "gnu++20";
				CLANG_ENABLE_MODULES = YES;
				CLANG_ENABLE_OBJC_ARC = YES;
				CLANG_ENABLE_OBJC_WEAK = YES;
				CLANG_WARN_BLOCK_CAPTURE_AUTORELEASING = YES;
				CLANG_WARN_BOOL_CONVERSION = YES;
				CLANG_WARN_COMMA = YES;
				CLANG_WARN_CONSTANT_CONVERSION = YES;
				CLANG_WARN_DEPRECATED_OBJC_IMPLEMENTATIONS = YES;
				CLANG_WARN_DIRECT_OBJC_ISA_USAGE = YES_ERROR;
				CLANG_WARN_DOCUMENTATION_COMMENTS = YES;
				CLANG_WARN_EMPTY_BODY = YES;
				CLANG_WARN_ENUM_CONVERSION = YES;
				CLANG_WARN_INFINITE_RECURSION = YES;
				CLANG_WARN_INT_CONVERSION = YES;
				CLANG_WARN_NON_LITERAL_NULL_CONVERSION = YES;
				CLANG_WARN_OBJC_IMPLICIT_RETAIN_SELF = YES;
				CLANG_WARN_OBJC_LITERAL_CONVERSION = YES;
				CLANG_WARN_OBJC_ROOT_CLASS = YES_ERROR;
				CLANG_WARN_QUOTED_INCLUDE_IN_FRAMEWORK_HEADER = YES;
				CLANG_WARN_RANGE_LOOP_ANALYSIS = YES;
				CLANG_WARN_STRICT_PROTOTYPES = YES;
				CLANG_WARN_SUSPICIOUS_MOVE = YES;
				CLANG_WARN_UNGUARDED_AVAILABILITY = YES_AGGRESSIVE;
				CLANG_WARN_UNREACHABLE_CODE = YES;
				CLANG_WARN__DUPLICATE_METHOD_MATCH = YES;
				COPY_PHASE_STRIP = NO;
				DEBUG_INFORMATION_FORMAT = "dwarf-with-dsym";
				ENABLE_NS_ASSERTIONS = NO;
				ENABLE_STRICT_OBJC_MSGSEND = YES;
				ENABLE_USER_SCRIPT_SANDBOXING = YES;
				GCC_C_LANGUAGE_STANDARD = gnu17;
				GCC_NO_COMMON_BLOCKS = YES;
				GCC_WARN_64_TO_32_BIT_CONVERSION = YES;
				GCC_WARN_ABOUT_RETURN_TYPE = YES_ERROR;
				GCC_WARN_UNDECLARED_SELECTOR = YES;
				GCC_WARN_UNINITIALIZED_AUTOS = YES_AGGRESSIVE;
				GCC_WARN_UNUSED_FUNCTION = YES;
				GCC_WARN_UNUSED_VARIABLE = YES;
				IPHONEOS_DEPLOYMENT_TARGET = 18.0;
				LOCALIZATION_PREFERS_STRING_CATALOGS = YES;
				MTL_ENABLE_DEBUG_INFO = NO;
				MTL_FAST_MATH = YES;
				SDKROOT = iphoneos;
				SWIFT_COMPILATION_MODE = wholemodule;
				SWIFT_EMIT_LOC_STRINGS = YES;
				VALIDATE_PRODUCT = YES;
			};
			name = Release;
		};
		E7A1C1762CBB23AD0064420D /* Debug */ = {
			isa = XCBuildConfiguration;
			buildSettings = {
				ASSETCATALOG_COMPILER_APPICON_NAME = AppIcon;
				ASSETCATALOG_COMPILER_GLOBAL_ACCENT_COLOR_NAME = AccentColor;
				CODE_SIGN_STYLE = Automatic;
				CURRENT_PROJECT_VERSION = 1;
				DEVELOPMENT_ASSET_PATHS = "\"GitHub Reader/Preview Content\"";
				ENABLE_PREVIEWS = YES;
				GENERATE_INFOPLIST_FILE = YES;
				INFOPLIST_KEY_UIApplicationSceneManifest_Generation = YES;
				INFOPLIST_KEY_UIApplicationSupportsIndirectInputEvents = YES;
				INFOPLIST_KEY_UILaunchScreen_Generation = YES;
				INFOPLIST_KEY_UILaunchStoryboardName = "";
				INFOPLIST_KEY_UISupportedInterfaceOrientations_iPad = "UIInterfaceOrientationPortrait UIInterfaceOrientationPortraitUpsideDown UIInterfaceOrientationLandscapeLeft UIInterfaceOrientationLandscapeRight";
				INFOPLIST_KEY_UISupportedInterfaceOrientations_iPhone = "UIInterfaceOrientationPortrait UIInterfaceOrientationLandscapeLeft UIInterfaceOrientationLandscapeRight";
				LD_RUNPATH_SEARCH_PATHS = (
					"$(inherited)",
					"@executable_path/Frameworks",
				);
				MARKETING_VERSION = 1.0;
				PRODUCT_BUNDLE_IDENTIFIER = "com.alancamargo.GitHub-Reader";
				PRODUCT_NAME = "$(TARGET_NAME)";
				SWIFT_EMIT_LOC_STRINGS = YES;
				SWIFT_VERSION = 5.0;
				TARGETED_DEVICE_FAMILY = "1,2";
			};
			name = Debug;
		};
		E7A1C1772CBB23AD0064420D /* Release */ = {
			isa = XCBuildConfiguration;
			buildSettings = {
				ASSETCATALOG_COMPILER_APPICON_NAME = AppIcon;
				ASSETCATALOG_COMPILER_GLOBAL_ACCENT_COLOR_NAME = AccentColor;
				CODE_SIGN_STYLE = Automatic;
				CURRENT_PROJECT_VERSION = 1;
				DEVELOPMENT_ASSET_PATHS = "\"GitHub Reader/Preview Content\"";
				ENABLE_PREVIEWS = YES;
				GENERATE_INFOPLIST_FILE = YES;
				INFOPLIST_KEY_UIApplicationSceneManifest_Generation = YES;
				INFOPLIST_KEY_UIApplicationSupportsIndirectInputEvents = YES;
				INFOPLIST_KEY_UILaunchScreen_Generation = YES;
				INFOPLIST_KEY_UILaunchStoryboardName = "";
				INFOPLIST_KEY_UISupportedInterfaceOrientations_iPad = "UIInterfaceOrientationPortrait UIInterfaceOrientationPortraitUpsideDown UIInterfaceOrientationLandscapeLeft UIInterfaceOrientationLandscapeRight";
				INFOPLIST_KEY_UISupportedInterfaceOrientations_iPhone = "UIInterfaceOrientationPortrait UIInterfaceOrientationLandscapeLeft UIInterfaceOrientationLandscapeRight";
				LD_RUNPATH_SEARCH_PATHS = (
					"$(inherited)",
					"@executable_path/Frameworks",
				);
				MARKETING_VERSION = 1.0;
				PRODUCT_BUNDLE_IDENTIFIER = "com.alancamargo.GitHub-Reader";
				PRODUCT_NAME = "$(TARGET_NAME)";
				SWIFT_EMIT_LOC_STRINGS = YES;
				SWIFT_VERSION = 5.0;
				TARGETED_DEVICE_FAMILY = "1,2";
			};
			name = Release;
		};
		E7A1C1792CBB23AD0064420D /* Debug */ = {
			isa = XCBuildConfiguration;
			buildSettings = {
				BUNDLE_LOADER = "$(TEST_HOST)";
				CODE_SIGN_STYLE = Automatic;
				CURRENT_PROJECT_VERSION = 1;
				GENERATE_INFOPLIST_FILE = YES;
				IPHONEOS_DEPLOYMENT_TARGET = 18.0;
				MARKETING_VERSION = 1.0;
				PRODUCT_BUNDLE_IDENTIFIER = "com.alancamargo.GitHub-ReaderTests";
				PRODUCT_NAME = "$(TARGET_NAME)";
				SWIFT_EMIT_LOC_STRINGS = NO;
				SWIFT_VERSION = 5.0;
				TARGETED_DEVICE_FAMILY = "1,2";
				TEST_HOST = "$(BUILT_PRODUCTS_DIR)/GitHub Reader.app/$(BUNDLE_EXECUTABLE_FOLDER_PATH)/GitHub Reader";
			};
			name = Debug;
		};
		E7A1C17A2CBB23AD0064420D /* Release */ = {
			isa = XCBuildConfiguration;
			buildSettings = {
				BUNDLE_LOADER = "$(TEST_HOST)";
				CODE_SIGN_STYLE = Automatic;
				CURRENT_PROJECT_VERSION = 1;
				GENERATE_INFOPLIST_FILE = YES;
				IPHONEOS_DEPLOYMENT_TARGET = 18.0;
				MARKETING_VERSION = 1.0;
				PRODUCT_BUNDLE_IDENTIFIER = "com.alancamargo.GitHub-ReaderTests";
				PRODUCT_NAME = "$(TARGET_NAME)";
				SWIFT_EMIT_LOC_STRINGS = NO;
				SWIFT_VERSION = 5.0;
				TARGETED_DEVICE_FAMILY = "1,2";
				TEST_HOST = "$(BUILT_PRODUCTS_DIR)/GitHub Reader.app/$(BUNDLE_EXECUTABLE_FOLDER_PATH)/GitHub Reader";
			};
			name = Release;
		};
		E7A1C17C2CBB23AD0064420D /* Debug */ = {
			isa = XCBuildConfiguration;
			buildSettings = {
				CODE_SIGN_STYLE = Automatic;
				CURRENT_PROJECT_VERSION = 1;
				GENERATE_INFOPLIST_FILE = YES;
				MARKETING_VERSION = 1.0;
				PRODUCT_BUNDLE_IDENTIFIER = "com.alancamargo.GitHub-ReaderUITests";
				PRODUCT_NAME = "$(TARGET_NAME)";
				SWIFT_EMIT_LOC_STRINGS = NO;
				SWIFT_VERSION = 5.0;
				TARGETED_DEVICE_FAMILY = "1,2";
				TEST_TARGET_NAME = "GitHub Reader";
			};
			name = Debug;
		};
		E7A1C17D2CBB23AD0064420D /* Release */ = {
			isa = XCBuildConfiguration;
			buildSettings = {
				CODE_SIGN_STYLE = Automatic;
				CURRENT_PROJECT_VERSION = 1;
				GENERATE_INFOPLIST_FILE = YES;
				MARKETING_VERSION = 1.0;
				PRODUCT_BUNDLE_IDENTIFIER = "com.alancamargo.GitHub-ReaderUITests";
				PRODUCT_NAME = "$(TARGET_NAME)";
				SWIFT_EMIT_LOC_STRINGS = NO;
				SWIFT_VERSION = 5.0;
				TARGETED_DEVICE_FAMILY = "1,2";
				TEST_TARGET_NAME = "GitHub Reader";
			};
			name = Release;
		};
/* End XCBuildConfiguration section */

/* Begin XCConfigurationList section */
		E7A1C14C2CBB23AC0064420D /* Build configuration list for PBXProject "GitHub Reader" */ = {
			isa = XCConfigurationList;
			buildConfigurations = (
				E7A1C1732CBB23AD0064420D /* Debug */,
				E7A1C1742CBB23AD0064420D /* Release */,
			);
			defaultConfigurationIsVisible = 0;
			defaultConfigurationName = Release;
		};
		E7A1C1752CBB23AD0064420D /* Build configuration list for PBXNativeTarget "GitHub Reader" */ = {
			isa = XCConfigurationList;
			buildConfigurations = (
				E7A1C1762CBB23AD0064420D /* Debug */,
				E7A1C1772CBB23AD0064420D /* Release */,
			);
			defaultConfigurationIsVisible = 0;
			defaultConfigurationName = Release;
		};
		E7A1C1782CBB23AD0064420D /* Build configuration list for PBXNativeTarget "GitHub ReaderTests" */ = {
			isa = XCConfigurationList;
			buildConfigurations = (
				E7A1C1792CBB23AD0064420D /* Debug */,
				E7A1C17A2CBB23AD0064420D /* Release */,
			);
			defaultConfigurationIsVisible = 0;
			defaultConfigurationName = Release;
		};
		E7A1C17B2CBB23AD0064420D /* Build configuration list for PBXNativeTarget "GitHub ReaderUITests" */ = {
			isa = XCConfigurationList;
			buildConfigurations = (
				E7A1C17C2CBB23AD0064420D /* Debug */,
				E7A1C17D2CBB23AD0064420D /* Release */,
			);
			defaultConfigurationIsVisible = 0;
			defaultConfigurationName = Release;
		};
/* End XCConfigurationList section */
	};
	rootObject = E7A1C1492CBB23AC0064420D /* Project object */;
}
